
Microsoft Visual Studio Solution File, Format Version 12.00
# Visual Studio Version 16
VisualStudioVersion = 16.0.30309.148
MinimumVisualStudioVersion = 10.0.40219.1
Project("{FAE04EC0-301F-11D3-BF4B-00C04F79EFBC}") = "CSharpWinRM", "CSharpWinRM\CSharpWinRM.csproj", "{1CD88528-506A-4CDE-B864-11E6D919E5E8}"
EndProject
Global
	GlobalSection(SolutionConfigurationPlatforms) = preSolution
		Debug|Any CPU = Debug|Any CPU
		Release|Any CPU = Release|Any CPU
	EndGlobalSection
	GlobalSection(ProjectConfigurationPlatforms) = postSolution
		{1CD88528-506A-4CDE-B864-11E6D919E5E8}.Debug|Any CPU.ActiveCfg = Debug|Any CPU
		{1CD88528-506A-4CDE-B864-11E6D919E5E8}.Debug|Any CPU.Build.0 = Debug|Any CPU
		{1CD88528-506A-4CDE-B864-11E6D919E5E8}.Release|Any CPU.ActiveCfg = Release|Any CPU
		{1CD88528-506A-4CDE-B864-11E6D919E5E8}.Release|Any CPU.Build.0 = Release|Any CPU
	EndGlobalSection
	GlobalSection(SolutionProperties) = preSolution
		HideSolutionNode = FALSE
	EndGlobalSection
	GlobalSection(ExtensibilityGlobals) = postSolution
		SolutionGuid = {2F5736A4-8CF9-465F-BF48-F44CBDF96D0E}
	EndGlobalSection
EndGlobal
